
Microsoft Visual Studio Solution File, Format Version 12.00
# Visual Studio 15
VisualStudioVersion = 15.0.28307.329
MinimumVisualStudioVersion = 10.0.40219.1
Project("{FAE04EC0-301F-11D3-BF4B-00C04F79EFBC}") = "MultipleDrivers", "MultipleDrivers\MultipleDrivers.csproj", "{AA2EEFF2-2765-48DF-A738-486887F39BD8}"
EndProject
Global
	GlobalSection(SolutionConfigurationPlatforms) = preSolution
		Debug|Any CPU = Debug|Any CPU
		Release|Any CPU = Release|Any CPU
	EndGlobalSection
	GlobalSection(ProjectConfigurationPlatforms) = postSolution
		{AA2EEFF2-2765-48DF-A738-486887F39BD8}.Debug|Any CPU.ActiveCfg = Debug|Any CPU
		{AA2EEFF2-2765-48DF-A738-486887F39BD8}.Debug|Any CPU.Build.0 = Debug|Any CPU
		{AA2EEFF2-2765-48DF-A738-486887F39BD8}.Release|Any CPU.ActiveCfg = Release|Any CPU
		{AA2EEFF2-2765-48DF-A738-486887F39BD8}.Release|Any CPU.Build.0 = Release|Any CPU
	EndGlobalSection
	GlobalSection(SolutionProperties) = preSolution
		HideSolutionNode = FALSE
	EndGlobalSection
	GlobalSection(ExtensibilityGlobals) = postSolution
		SolutionGuid = {AA95CA50-CA55-4DDF-ABE8-74C5D0F28679}
	EndGlobalSection
EndGlobal
